<?xml version="1.0" encoding="utf-8"?>
<Project ToolsVersion="4.0" xmlns="http://schemas.microsoft.com/developer/msbuild/2003">
  <ItemGroup>
    <Filter Include="Source Files">
      <UniqueIdentifier>{4FC737F1-C7A5-4376-A066-2A32D752A2FF}</UniqueIdentifier>
      <Extensions>cpp;c;cc;cxx;def;odl;idl;hpj;bat;asm;asmx</Extensions>
    </Filter>
    <Filter Include="Header Files">
      <UniqueIdentifier>{93995380-89BD-4b04-88EB-625FBE52EBFB}</UniqueIdentifier>
      <Extensions>h;hpp;hxx;hm;inl;inc;xsd</Extensions>
    </Filter>
    <Filter Include="Resource Files">
      <UniqueIdentifier>{67DA6AB6-F800-4c08-8B7A-83BB121AAD01}</UniqueIdentifier>
      <Extensions>rc;ico;cur;bmp;dlg;rc2;rct;bin;rgs;gif;jpg;jpeg;jpe;resx;tiff;tif;png;wav;mfcribbon-ms</Extensions>
    </Filter>
    <Filter Include="Header Files\Types">
      <UniqueIdentifier>{09d5d10b-1b03-4446-82ef-da826bf409b3}</UniqueIdentifier>
    </Filter>
    <Filter Include="Source Files\Types">
      <UniqueIdentifier>{e33c9b6b-4f2b-4f7d-af4b-735474b074a4}</UniqueIdentifier>
    </Filter>
    <Filter Include="Header Files\Library">
      <UniqueIdentifier>{e3dd000e-02ec-487b-9a36-b6fc8e1f80bc}</UniqueIdentifier>
    </Filter>
    <Filter Include="Source Files\Library">
      <UniqueIdentifier>{2cc80854-f4c0-421e-b16f-6be5fe5180aa}</UniqueIdentifier>
    </Filter>
    <Filter Include="Header Files\Debug">
      <UniqueIdentifier>{f2952e71-7267-40f8-8515-b16c988eca22}</UniqueIdentifier>
    </Filter>
    <Filter Include="Source Files\Debug">
      <UniqueIdentifier>{16a93323-d9a0-43d1-a59f-f4bac58f3adf}</UniqueIdentifier>
    </Filter>
  </ItemGroup>
  <ItemGroup>
    <ClCompile Include="Long.cpp">
      <Filter>Source Files\Types</Filter>
    </ClCompile>
    <ClCompile Include="AppStub.cpp">
      <Filter>Source Files</Filter>
    </ClCompile>
    <ClCompile Include="Class.cpp">
      <Filter>Source Files\Types</Filter>
    </ClCompile>
    <ClCompile Include="Debug.cpp">
      <Filter>Source Files\Debug</Filter>
    </ClCompile>
    <ClCompile Include="String.cpp">
      <Filter>Source Files\Types</Filter>
    </ClCompile>
    <ClCompile Include="IO.cpp">
      <Filter>Source Files\Library</Filter>
    </ClCompile>
    <ClCompile Include="Int.cpp">
      <Filter>Source Files\Types</Filter>
    </ClCompile>
    <ClCompile Include="Float.cpp">
      <Filter>Source Files\Types</Filter>
    </ClCompile>
    <ClCompile Include="Bool.cpp">
      <Filter>Source Files\Types</Filter>
    </ClCompile>
    <ClCompile Include="Double.cpp">
      <Filter>Source Files\Types</Filter>
    </ClCompile>
    <ClCompile Include="Exception.cpp">
      <Filter>Source Files\Types</Filter>
    </ClCompile>
    <ClCompile Include="Generator.cpp">
      <Filter>Source Files\Types</Filter>
    </ClCompile>
  </ItemGroup>
  <ItemGroup>
    <ClInclude Include="AppStub.h">
      <Filter>Header Files</Filter>
    </ClInclude>
    <ClInclude Include="Long.h">
      <Filter>Header Files\Types</Filter>
    </ClInclude>
    <ClInclude Include="IO.h">
      <Filter>Header Files\Library</Filter>
    </ClInclude>
    <ClInclude Include="Class.h">
      <Filter>Header Files\Types</Filter>
    </ClInclude>
    <ClInclude Include="Debug.h">
      <Filter>Header Files\Debug</Filter>
    </ClInclude>
    <ClInclude Include="String.h">
      <Filter>Header Files\Types</Filter>
    </ClInclude>
    <ClInclude Include="Int.h">
      <Filter>Header Files\Types</Filter>
    </ClInclude>
    <ClInclude Include="Float.h">
      <Filter>Header Files\Types</Filter>
    </ClInclude>
    <ClInclude Include="Bool.h">
      <Filter>Header Files\Types</Filter>
    </ClInclude>
    <ClInclude Include="Double.h">
      <Filter>Header Files\Types</Filter>
    </ClInclude>
    <ClInclude Include="Exception.h">
      <Filter>Header Files\Types</Filter>
    </ClInclude>
    <ClInclude Include="Generator.h">
      <Filter>Header Files\Types</Filter>
    </ClInclude>
  </ItemGroup>
  <ItemGroup>
    <None Include="Makefile" />
    <None Include="Exception_asm.s">
      <Filter>Source Files\Types</Filter>
    </None>
    <None Include="Generator_asm.s">
      <Filter>Source Files\Types</Filter>
    </None>
  </ItemGroup>
</Project>